# @generated - this file is auto-generated by `mise lock` https://mise.jdx.dev/dev-tools/mise-lock.html

lockfile_version = 3

[[tools."aqua:taiki-e/cargo-llvm-cov"]]
version = "0.9.1"
backend = "aqua:taiki-e/cargo-llvm-cov"
specifiers = ["0.9.1"]

[tools."aqua:taiki-e/cargo-llvm-cov"."platforms.linux-arm64"]
checksum = "sha256:abf5f13c1520f8756d2192bfaaeadb0208f5b7eaa8cadc15bf847befa42b7360"
url = "https://github.com/taiki-e/cargo-llvm-cov/releases/download/v0.9.1/cargo-llvm-cov-aarch64-unknown-linux-gnu.tar.gz"
url_api = "https://api.github.com/repos/taiki-e/cargo-llvm-cov/releases/assets/547403281"
provenance = "github-attestations"

[tools."aqua:taiki-e/cargo-llvm-cov"."platforms.linux-x64"]
checksum = "sha256:b3f68e625481fed9b16444174f3fa5ebcdbde4a1878803a35eabe2dcefcdc41a"
url = "https://github.com/taiki-e/cargo-llvm-cov/releases/download/v0.9.1/cargo-llvm-cov-x86_64-unknown-linux-gnu.tar.gz"
url_api = "https://api.github.com/repos/taiki-e/cargo-llvm-cov/releases/assets/547403171"
provenance = "github-attestations"

[tools."aqua:taiki-e/cargo-llvm-cov"."platforms.macos-arm64"]
checksum = "sha256:7e821a6c90c0884f79f759f5d9be50799ade67bb82515186d922f26032ef43b8"
url = "https://github.com/taiki-e/cargo-llvm-cov/releases/download/v0.9.1/cargo-llvm-cov-aarch64-apple-darwin.tar.gz"
url_api = "https://api.github.com/repos/taiki-e/cargo-llvm-cov/releases/assets/547403359"
provenance = "github-attestations"

[tools."aqua:taiki-e/cargo-llvm-cov"."platforms.windows-arm64"]
checksum = "sha256:15eefd5b90fcdd4006b727c6e710d70a61aff509fcd7bb37f9c2a35c4f024948"
url = "https://github.com/taiki-e/cargo-llvm-cov/releases/download/v0.9.1/cargo-llvm-cov-x86_64-pc-windows-msvc.tar.gz"
url_api = "https://api.github.com/repos/taiki-e/cargo-llvm-cov/releases/assets/547404213"
provenance = "github-attestations"

[tools."aqua:taiki-e/cargo-llvm-cov"."platforms.windows-x64"]
checksum = "sha256:15eefd5b90fcdd4006b727c6e710d70a61aff509fcd7bb37f9c2a35c4f024948"
url = "https://github.com/taiki-e/cargo-llvm-cov/releases/download/v0.9.1/cargo-llvm-cov-x86_64-pc-windows-msvc.tar.gz"
url_api = "https://api.github.com/repos/taiki-e/cargo-llvm-cov/releases/assets/547404213"
provenance = "github-attestations"

[[tools.cargo-binstall]]
version = "1.25.2"
backend = "aqua:cargo-bins/cargo-binstall"
specifiers = ["1.25.2"]

[tools.cargo-binstall."platforms.linux-arm64"]
checksum = "sha256:de0877ebf0ccf3e6901c1a2b0d33a3033acba0555df2cd4ca0fde1566577b9f9"
url = "https://github.com/cargo-bins/cargo-binstall/releases/download/v1.25.2/cargo-binstall-aarch64-unknown-linux-gnu.tgz"
url_api = "https://api.github.com/repos/cargo-bins/cargo-binstall/releases/assets/615575955"
provenance = "github-attestations"

[tools.cargo-binstall."platforms.linux-x64"]
checksum = "sha256:ca1217094690d15606c050e3d085bc03ce6fe12486de9a815d85dae345bb6803"
url = "https://github.com/cargo-bins/cargo-binstall/releases/download/v1.25.2/cargo-binstall-x86_64-unknown-linux-gnu.tgz"
url_api = "https://api.github.com/repos/cargo-bins/cargo-binstall/releases/assets/615574063"
provenance = "github-attestations"

[tools.cargo-binstall."platforms.macos-arm64"]
checksum = "sha256:80d824376b6600e0fb32be43849f5d033c649513ccf988b160f2d46b8676d3d3"
url = "https://github.com/cargo-bins/cargo-binstall/releases/download/v1.25.2/cargo-binstall-aarch64-apple-darwin.zip"
url_api = "https://api.github.com/repos/cargo-bins/cargo-binstall/releases/assets/615576421"
provenance = "github-attestations"

[tools.cargo-binstall."platforms.windows-arm64"]
checksum = "sha256:d207de08faacbb8c4ba95cfc38fa7087242caeec0b94112c3f1edd46fe972ca8"
url = "https://github.com/cargo-bins/cargo-binstall/releases/download/v1.25.2/cargo-binstall-aarch64-pc-windows-msvc.zip"
url_api = "https://api.github.com/repos/cargo-bins/cargo-binstall/releases/assets/615576165"
provenance = "github-attestations"

[tools.cargo-binstall."platforms.windows-x64"]
checksum = "sha256:20e6bbe3c002620e61055e1a05e365aae9a0ca1662a08a77480ff15dd19e3e82"
url = "https://github.com/cargo-bins/cargo-binstall/releases/download/v1.25.2/cargo-binstall-x86_64-pc-windows-msvc.zip"
url_api = "https://api.github.com/repos/cargo-bins/cargo-binstall/releases/assets/615574286"
provenance = "github-attestations"

[[tools.cargo-deny]]
version = "0.20.2"
backend = "aqua:EmbarkStudios/cargo-deny"
specifiers = ["0.20.2"]

[tools.cargo-deny."platforms.linux-arm64"]
checksum = "sha256:995c82be0defc7a025cae49a2aa2644ce8245c9a3318fc4103907c6a285e8c7d"
url = "https://github.com/EmbarkStudios/cargo-deny/releases/download/0.20.2/cargo-deny-0.20.2-aarch64-unknown-linux-musl.tar.gz"
url_api = "https://api.github.com/repos/EmbarkStudios/cargo-deny/releases/assets/471598345"

[tools.cargo-deny."platforms.linux-x64"]
checksum = "sha256:9f12ed4c49936e09b48bf862b595cde2fe64fcbd9d74dfacac6131ca824c8d5f"
url = "https://github.com/EmbarkStudios/cargo-deny/releases/download/0.20.2/cargo-deny-0.20.2-x86_64-unknown-linux-musl.tar.gz"
url_api = "https://api.github.com/repos/EmbarkStudios/cargo-deny/releases/assets/471598214"

[tools.cargo-deny."platforms.macos-arm64"]
checksum = "sha256:fe67d82a10d8597a3549364cb733a3f9cc1bfff9031b7ae46384a9f2a72090c3"
url = "https://github.com/EmbarkStudios/cargo-deny/releases/download/0.20.2/cargo-deny-0.20.2-aarch64-apple-darwin.tar.gz"
url_api = "https://api.github.com/repos/EmbarkStudios/cargo-deny/releases/assets/471597689"

[tools.cargo-deny."platforms.windows-arm64"]
checksum = "sha256:975a22143262fd27476d19ee00c7af67978426e40e1dee94eed6bbade1cf87dc"
url = "https://github.com/EmbarkStudios/cargo-deny/releases/download/0.20.2/cargo-deny-0.20.2-x86_64-pc-windows-msvc.tar.gz"
url_api = "https://api.github.com/repos/EmbarkStudios/cargo-deny/releases/assets/471599057"

[tools.cargo-deny."platforms.windows-x64"]
checksum = "sha256:975a22143262fd27476d19ee00c7af67978426e40e1dee94eed6bbade1cf87dc"
url = "https://github.com/EmbarkStudios/cargo-deny/releases/download/0.20.2/cargo-deny-0.20.2-x86_64-pc-windows-msvc.tar.gz"
url_api = "https://api.github.com/repos/EmbarkStudios/cargo-deny/releases/assets/471599057"

[[tools.cargo-release]]
version = "1.1.6"
backend = "github:crate-ci/cargo-release"
specifiers = ["1.1.6"]

[tools.cargo-release."platforms.linux-arm64"]
checksum = "sha256:a74a3dc62204ed1c10e3da644fa6b5dc0abead13d1936e1a21f0decfaf26b983"
url = "https://github.com/crate-ci/cargo-release/releases/download/v1.1.6/cargo-release-v1.1.6-aarch64-unknown-linux-musl.tar.gz"
url_api = "https://api.github.com/repos/crate-ci/cargo-release/releases/assets/568871846"
provenance = "github-attestations"

[tools.cargo-release."platforms.linux-x64"]
checksum = "sha256:d82672b9f26b9a11f1b080eedeb74ffa3dd02d96ae9fb3cbc180e4a10d5417db"
url = "https://github.com/crate-ci/cargo-release/releases/download/v1.1.6/cargo-release-v1.1.6-x86_64-unknown-linux-musl.tar.gz"
url_api = "https://api.github.com/repos/crate-ci/cargo-release/releases/assets/568873165"
provenance = "github-attestations"

[tools.cargo-release."platforms.macos-arm64"]
checksum = "sha256:2f41e0d9f9538108f943f498af9f923cd6efd7e3ecdd69c7f78516bb29f32c53"
url = "https://github.com/crate-ci/cargo-release/releases/download/v1.1.6/cargo-release-v1.1.6-aarch64-apple-darwin.tar.gz"
url_api = "https://api.github.com/repos/crate-ci/cargo-release/releases/assets/568874942"
provenance = "github-attestations"

[tools.cargo-release."platforms.windows-x64"]
checksum = "sha256:511ac6eb265f137cf78c74f6488bcdad750e669b5dd63324cc5582ea5a59ab5e"
url = "https://github.com/crate-ci/cargo-release/releases/download/v1.1.6/cargo-release-v1.1.6-x86_64-pc-windows-msvc.zip"
url_api = "https://api.github.com/repos/crate-ci/cargo-release/releases/assets/568875956"
provenance = "github-attestations"

[[tools.cargo-release]]
version = "1.1.6"
backend = "github:crate-ci/cargo-release"
specifiers = ["1.1.6"]

[tools.cargo-release.options]
asset_pattern = "cargo-release-v{{ version }}-x86_64-pc-windows-msvc.zip"

[tools.cargo-release."platforms.windows-arm64"]
checksum = "sha256:511ac6eb265f137cf78c74f6488bcdad750e669b5dd63324cc5582ea5a59ab5e"
url = "https://github.com/crate-ci/cargo-release/releases/download/v1.1.6/cargo-release-v1.1.6-x86_64-pc-windows-msvc.zip"
url_api = "https://api.github.com/repos/crate-ci/cargo-release/releases/assets/568875956"
provenance = "github-attestations"

[[tools."cargo:cargo-docs-rs"]]
version = "1.0.4"
backend = "cargo:cargo-docs-rs"
specifiers = ["1.0.4"]

[[tools.editorconfig-checker]]
version = "4.0.2"
backend = "github:editorconfig-checker/editorconfig-checker"
specifiers = ["4.0.2"]

[tools.editorconfig-checker."platforms.linux-arm64"]
checksum = "sha256:abad76da8c9950fdc2a314bcd66969172aa823e9c595fa7e3a389a91e34d025e"
url = "https://github.com/editorconfig-checker/editorconfig-checker/releases/download/v4.0.2/editorconfig-checker-linux-arm64.tar.gz"
url_api = "https://api.github.com/repos/editorconfig-checker/editorconfig-checker/releases/assets/574675779"
provenance = "github-attestations"

[tools.editorconfig-checker."platforms.linux-x64"]
checksum = "sha256:44efaef3ed14c6ab52eb87481d78e5e5c204796dccf26e2f4598a61ba17f8003"
url = "https://github.com/editorconfig-checker/editorconfig-checker/releases/download/v4.0.2/editorconfig-checker-linux-amd64.tar.gz"
url_api = "https://api.github.com/repos/editorconfig-checker/editorconfig-checker/releases/assets/574675771"
provenance = "github-attestations"

[tools.editorconfig-checker."platforms.macos-arm64"]
checksum = "sha256:ff59f57717d95fc62b8e372c8051dbbb766f7d660942409a85d027b0feb2422c"
url = "https://github.com/editorconfig-checker/editorconfig-checker/releases/download/v4.0.2/editorconfig-checker-darwin-all.tar.gz"
url_api = "https://api.github.com/repos/editorconfig-checker/editorconfig-checker/releases/assets/574675773"
provenance = "github-attestations"

[tools.editorconfig-checker."platforms.windows-arm64"]
checksum = "sha256:24976a0734884eb5ec5a317bc06fd448749ea740ab21552e8dfd478c726f16a5"
url = "https://github.com/editorconfig-checker/editorconfig-checker/releases/download/v4.0.2/editorconfig-checker-windows-arm64.zip"
url_api = "https://api.github.com/repos/editorconfig-checker/editorconfig-checker/releases/assets/574675758"
provenance = "github-attestations"

[tools.editorconfig-checker."platforms.windows-x64"]
checksum = "sha256:857f8f74dfc259d73dac93573e37cf3ce01150787d7b139bf839549cc6b5beb9"
url = "https://github.com/editorconfig-checker/editorconfig-checker/releases/download/v4.0.2/editorconfig-checker-windows-amd64.zip"
url_api = "https://api.github.com/repos/editorconfig-checker/editorconfig-checker/releases/assets/574675794"
provenance = "github-attestations"

[[tools."github:bnjbvr/cargo-machete"]]
version = "0.9.2"
backend = "github:bnjbvr/cargo-machete"
specifiers = ["0.9.2"]

[tools."github:bnjbvr/cargo-machete"."platforms.linux-arm64"]
checksum = "sha256:6f96c3e6026a5bdd241b6ae600c6fb86c9197c6e189a894f91371baa01fd10f5"
url = "https://github.com/bnjbvr/cargo-machete/releases/download/v0.9.2/cargo-machete-v0.9.2-aarch64-unknown-linux-gnu.tar.gz"
url_api = "https://api.github.com/repos/bnjbvr/cargo-machete/releases/assets/397130991"

[tools."github:bnjbvr/cargo-machete"."platforms.linux-x64"]
checksum = "sha256:48200087f54c55aabcd4db4af1e25742b49846c02a1b1bfa134711945b35b2e9"
url = "https://github.com/bnjbvr/cargo-machete/releases/download/v0.9.2/cargo-machete-v0.9.2-x86_64-unknown-linux-musl.tar.gz"
url_api = "https://api.github.com/repos/bnjbvr/cargo-machete/releases/assets/397131172"

[tools."github:bnjbvr/cargo-machete"."platforms.macos-arm64"]
checksum = "sha256:63e28fee386d82d33f2d12406c857f98e2d4697f3f7df7f71f34dff07fca0fde"
url = "https://github.com/bnjbvr/cargo-machete/releases/download/v0.9.2/cargo-machete-v0.9.2-aarch64-apple-darwin.tar.gz"
url_api = "https://api.github.com/repos/bnjbvr/cargo-machete/releases/assets/397131114"

[tools."github:bnjbvr/cargo-machete"."platforms.windows-x64"]
checksum = "sha256:996120ac70afe405c58fce508a476f25bb71032c6fb8013aa0123bba36429c76"
url = "https://github.com/bnjbvr/cargo-machete/releases/download/v0.9.2/cargo-machete-v0.9.2-x86_64-pc-windows-msvc.tar.gz"
url_api = "https://api.github.com/repos/bnjbvr/cargo-machete/releases/assets/397131414"

[[tools."github:bnjbvr/cargo-machete"]]
version = "0.9.2"
backend = "github:bnjbvr/cargo-machete"
specifiers = ["0.9.2"]

[tools."github:bnjbvr/cargo-machete".options]
asset_pattern = "cargo-machete-v{{ version }}-x86_64-pc-windows-msvc.tar.gz"

[tools."github:bnjbvr/cargo-machete"."platforms.windows-arm64"]
checksum = "sha256:996120ac70afe405c58fce508a476f25bb71032c6fb8013aa0123bba36429c76"
url = "https://github.com/bnjbvr/cargo-machete/releases/download/v0.9.2/cargo-machete-v0.9.2-x86_64-pc-windows-msvc.tar.gz"
url_api = "https://api.github.com/repos/bnjbvr/cargo-machete/releases/assets/397131414"

[[tools."github:taiki-e/cargo-hack"]]
version = "0.6.45"
backend = "github:taiki-e/cargo-hack"
specifiers = ["0.6.45"]

[tools."github:taiki-e/cargo-hack"."platforms.linux-arm64"]
checksum = "sha256:821536b7dc4666764d36c09e665affcf98e3d69f5a99b171c03d47d3ec24d0e7"
url = "https://github.com/taiki-e/cargo-hack/releases/download/v0.6.45/cargo-hack-aarch64-unknown-linux-gnu.tar.gz"
url_api = "https://api.github.com/repos/taiki-e/cargo-hack/releases/assets/433843287"
provenance = "github-attestations"

[tools."github:taiki-e/cargo-hack"."platforms.linux-x64"]
checksum = "sha256:16394b932180a4ae509a22b3b8294fc2525573d8592420133c428457ed676d5d"
url = "https://github.com/taiki-e/cargo-hack/releases/download/v0.6.45/cargo-hack-x86_64-unknown-linux-gnu.tar.gz"
url_api = "https://api.github.com/repos/taiki-e/cargo-hack/releases/assets/433843006"
provenance = "github-attestations"

[tools."github:taiki-e/cargo-hack"."platforms.macos-arm64"]
checksum = "sha256:af0ab90e56aa716ae9f545a93e4338d4f36525e187d367b6519da71b60249b50"
url = "https://github.com/taiki-e/cargo-hack/releases/download/v0.6.45/cargo-hack-aarch64-apple-darwin.tar.gz"
url_api = "https://api.github.com/repos/taiki-e/cargo-hack/releases/assets/433843066"
provenance = "github-attestations"

[tools."github:taiki-e/cargo-hack"."platforms.windows-arm64"]
checksum = "sha256:407c9c7848f762ae0dcd331189d2ef87559b4ff71a5a653bf66d6a5210b604fa"
url = "https://github.com/taiki-e/cargo-hack/releases/download/v0.6.45/cargo-hack-aarch64-pc-windows-msvc.zip"
url_api = "https://api.github.com/repos/taiki-e/cargo-hack/releases/assets/433843399"
provenance = "github-attestations"

[tools."github:taiki-e/cargo-hack"."platforms.windows-x64"]
checksum = "sha256:b05485f03c1620f6481c41c4b03d5f59ca62d5f64a07d79df9ee088a91721b6c"
url = "https://github.com/taiki-e/cargo-hack/releases/download/v0.6.45/cargo-hack-x86_64-pc-windows-msvc.zip"
url_api = "https://api.github.com/repos/taiki-e/cargo-hack/releases/assets/433843419"
provenance = "github-attestations"

[[tools.jactionlint]]
version = "1.8.2"
backend = "github:jdx/jactionlint"
specifiers = ["1.8.2"]

[tools.jactionlint."platforms.linux-arm64"]
checksum = "sha256:7d618749dbddd762a14bd491ea97bc4f6599626f830a11edc6c6522ead8bcd05"
url = "https://github.com/jdx/jactionlint/releases/download/v1.8.2/jactionlint_1.8.2_linux_arm64.tar.gz"
url_api = "https://api.github.com/repos/jdx/jactionlint/releases/assets/611338576"
provenance = "github-attestations"

[tools.jactionlint."platforms.linux-x64"]
checksum = "sha256:6533bd8047fc012a3f66238d84f65cacdac669da00b9f6cf042c1734c252bc93"
url = "https://github.com/jdx/jactionlint/releases/download/v1.8.2/jactionlint_1.8.2_linux_amd64.tar.gz"
url_api = "https://api.github.com/repos/jdx/jactionlint/releases/assets/611338580"
provenance = "github-attestations"

[tools.jactionlint."platforms.macos-arm64"]
checksum = "sha256:de9eb05af3cde409dc0b37fe2fd6a21b875a575374e7b26c02d45a7086645c28"
url = "https://github.com/jdx/jactionlint/releases/download/v1.8.2/jactionlint_1.8.2_darwin_arm64.tar.gz"
url_api = "https://api.github.com/repos/jdx/jactionlint/releases/assets/611338605"
provenance = "github-attestations"

[tools.jactionlint."platforms.windows-arm64"]
checksum = "sha256:ed774c6085d0606bf3ae8ec86cd540e328b73f0ae2b1397e42704495e18f7cc9"
url = "https://github.com/jdx/jactionlint/releases/download/v1.8.2/jactionlint_1.8.2_windows_arm64.zip"
url_api = "https://api.github.com/repos/jdx/jactionlint/releases/assets/611338618"
provenance = "github-attestations"

[tools.jactionlint."platforms.windows-x64"]
checksum = "sha256:fd7be539cd3276d5178f85ef140c1bb52395b1ec1f59b1585050e1be3b0b194b"
url = "https://github.com/jdx/jactionlint/releases/download/v1.8.2/jactionlint_1.8.2_windows_amd64.zip"
url_api = "https://api.github.com/repos/jdx/jactionlint/releases/assets/611338616"
provenance = "github-attestations"

[[tools.mdbook]]
version = "0.5.4"
backend = "aqua:rust-lang/mdBook"
specifiers = ["0.5.4"]

[tools.mdbook."platforms.linux-x64"]
checksum = "sha256:3f28de05dafca9d0f2eab99c662116b0e37b89b1d96a08f8f430b9eeae958cd7"
url = "https://github.com/rust-lang/mdBook/releases/download/v0.5.4/mdbook-v0.5.4-x86_64-unknown-linux-gnu.tar.gz"
url_api = "https://api.github.com/repos/rust-lang/mdBook/releases/assets/468209394"

[tools.mdbook."platforms.macos-arm64"]
checksum = "sha256:a47d7bf0d5d670cff9ee6cce95537cbeb62dc10704d9e7131ffbd13e2b59a5de"
url = "https://github.com/rust-lang/mdBook/releases/download/v0.5.4/mdbook-v0.5.4-x86_64-apple-darwin.tar.gz"
url_api = "https://api.github.com/repos/rust-lang/mdBook/releases/assets/468210169"

[tools.mdbook."platforms.windows-arm64"]
checksum = "sha256:8a6b2421aa522de06d746871d2b8fff9c8d71773467e310a4516d2566e7f2de4"
url = "https://github.com/rust-lang/mdBook/releases/download/v0.5.4/mdbook-v0.5.4-x86_64-pc-windows-msvc.zip"
url_api = "https://api.github.com/repos/rust-lang/mdBook/releases/assets/468210971"

[tools.mdbook."platforms.windows-x64"]
checksum = "sha256:8a6b2421aa522de06d746871d2b8fff9c8d71773467e310a4516d2566e7f2de4"
url = "https://github.com/rust-lang/mdBook/releases/download/v0.5.4/mdbook-v0.5.4-x86_64-pc-windows-msvc.zip"
url_api = "https://api.github.com/repos/rust-lang/mdBook/releases/assets/468210971"

[[tools.rumdl]]
version = "v0.2.78"
backend = "aqua:rvben/rumdl"
specifiers = ["v0.2.78"]

[tools.rumdl."platforms.linux-arm64"]
checksum = "sha256:16e518695868a650ad0f584f60f225e65e63ffb71b46aba2428c365c7225d262"
url = "https://github.com/rvben/rumdl/releases/download/v0.2.78/rumdl-v0.2.78-aarch64-unknown-linux-gnu.tar.gz"
url_api = "https://api.github.com/repos/rvben/rumdl/releases/assets/598548742"
provenance = "github-attestations"

[tools.rumdl."platforms.linux-x64"]
checksum = "sha256:5597ecab62c6cd50e63f85451fe4e763abc58195a3e7eff9186b6dfae890ca24"
url = "https://github.com/rvben/rumdl/releases/download/v0.2.78/rumdl-v0.2.78-x86_64-unknown-linux-gnu.tar.gz"
url_api = "https://api.github.com/repos/rvben/rumdl/releases/assets/598548740"
provenance = "github-attestations"

[tools.rumdl."platforms.macos-arm64"]
checksum = "sha256:450f00cdbf1da3bc3fbdf56c52dc9e6b2ab08bfd1ee6a26b44848e52a180dba5"
url = "https://github.com/rvben/rumdl/releases/download/v0.2.78/rumdl-v0.2.78-aarch64-apple-darwin.tar.gz"
url_api = "https://api.github.com/repos/rvben/rumdl/releases/assets/598548745"
provenance = "github-attestations"

[tools.rumdl."platforms.windows-arm64"]
checksum = "sha256:fb8f475e68e754fdddc1c7c7d85914df984465ce6a8a9e9fe5fcc434782b5f7d"
url = "https://github.com/rvben/rumdl/releases/download/v0.2.78/rumdl-v0.2.78-x86_64-pc-windows-msvc.zip"
url_api = "https://api.github.com/repos/rvben/rumdl/releases/assets/598548749"
provenance = "github-attestations"

[tools.rumdl."platforms.windows-x64"]
checksum = "sha256:fb8f475e68e754fdddc1c7c7d85914df984465ce6a8a9e9fe5fcc434782b5f7d"
url = "https://github.com/rvben/rumdl/releases/download/v0.2.78/rumdl-v0.2.78-x86_64-pc-windows-msvc.zip"
url_api = "https://api.github.com/repos/rvben/rumdl/releases/assets/598548749"
provenance = "github-attestations"

[[tools.shellcheck]]
version = "0.11.0"
backend = "aqua:koalaman/shellcheck"
specifiers = ["0.11.0"]

[tools.shellcheck."platforms.linux-arm64"]
checksum = "sha256:12b331c1d2db6b9eb13cfca64306b1b157a86eb69db83023e261eaa7e7c14588"
url = "https://github.com/koalaman/shellcheck/releases/download/v0.11.0/shellcheck-v0.11.0.linux.aarch64.tar.xz"
url_api = "https://api.github.com/repos/koalaman/shellcheck/releases/assets/279056934"

[tools.shellcheck."platforms.linux-x64"]
checksum = "sha256:8c3be12b05d5c177a04c29e3c78ce89ac86f1595681cab149b65b97c4e227198"
url = "https://github.com/koalaman/shellcheck/releases/download/v0.11.0/shellcheck-v0.11.0.linux.x86_64.tar.xz"
url_api = "https://api.github.com/repos/koalaman/shellcheck/releases/assets/279056942"

[tools.shellcheck."platforms.macos-arm64"]
checksum = "sha256:56affdd8de5527894dca6dc3d7e0a99a873b0f004d7aabc30ae407d3f48b0a79"
url = "https://github.com/koalaman/shellcheck/releases/download/v0.11.0/shellcheck-v0.11.0.darwin.aarch64.tar.xz"
url_api = "https://api.github.com/repos/koalaman/shellcheck/releases/assets/279056932"

[tools.shellcheck."platforms.windows-arm64"]
checksum = "sha256:8a4e35ab0b331c85d73567b12f2a444df187f483e5079ceffa6bda1faa2e740e"
url = "https://github.com/koalaman/shellcheck/releases/download/v0.11.0/shellcheck-v0.11.0.zip"
url_api = "https://api.github.com/repos/koalaman/shellcheck/releases/assets/279056944"

[tools.shellcheck."platforms.windows-x64"]
checksum = "sha256:8a4e35ab0b331c85d73567b12f2a444df187f483e5079ceffa6bda1faa2e740e"
url = "https://github.com/koalaman/shellcheck/releases/download/v0.11.0/shellcheck-v0.11.0.zip"
url_api = "https://api.github.com/repos/koalaman/shellcheck/releases/assets/279056944"

[[tools.shfmt]]
version = "3.14.1"
backend = "aqua:mvdan/sh"
specifiers = ["3.14.1"]

[tools.shfmt."platforms.linux-arm64"]
checksum = "sha256:5f2db09dae91fca848f7adbdd014632e921a383863a2ad7e0450ad3aba0c6489"
url = "https://github.com/mvdan/sh/releases/download/v3.14.1/shfmt_v3.14.1_linux_arm64"
url_api = "https://api.github.com/repos/mvdan/sh/releases/assets/547320869"

[tools.shfmt."platforms.linux-x64"]
checksum = "sha256:76e77641faa025814b77f153b29796b8e6fa2fca03e0c76a691608b86c7ea7bf"
url = "https://github.com/mvdan/sh/releases/download/v3.14.1/shfmt_v3.14.1_linux_amd64"
url_api = "https://api.github.com/repos/mvdan/sh/releases/assets/547320883"

[tools.shfmt."platforms.macos-arm64"]
checksum = "sha256:b7c872db63553ccffc7253aba3ed7d4885a27d83f1ba567b1138c6315a5847e5"
url = "https://github.com/mvdan/sh/releases/download/v3.14.1/shfmt_v3.14.1_darwin_arm64"
url_api = "https://api.github.com/repos/mvdan/sh/releases/assets/547320930"

[tools.shfmt."platforms.windows-arm64"]
checksum = "sha256:13629ce28442ca80b6b5a819f7574ab39e1c28c6e26734ca816c9714e04851df"
url = "https://github.com/mvdan/sh/releases/download/v3.14.1/shfmt_v3.14.1_windows_amd64.exe"
url_api = "https://api.github.com/repos/mvdan/sh/releases/assets/547320827"

[tools.shfmt."platforms.windows-x64"]
checksum = "sha256:13629ce28442ca80b6b5a819f7574ab39e1c28c6e26734ca816c9714e04851df"
url = "https://github.com/mvdan/sh/releases/download/v3.14.1/shfmt_v3.14.1_windows_amd64.exe"
url_api = "https://api.github.com/repos/mvdan/sh/releases/assets/547320827"

[[tools.tombi]]
version = "1.7.3"
backend = "aqua:tombi-toml/tombi"
specifiers = ["1.7.3"]

[tools.tombi."platforms.linux-arm64"]
checksum = "sha256:20bd2470c3de95eff95445466bd2e982c6e0920c5dbd0a618ac06c9a64b4dda9"
url = "https://github.com/tombi-toml/tombi/releases/download/v1.7.3/tombi-cli-1.7.3-aarch64-unknown-linux-musl.tar.gz"
url_api = "https://api.github.com/repos/tombi-toml/tombi/releases/assets/615901879"
provenance = "github-attestations"

[tools.tombi."platforms.linux-x64"]
checksum = "sha256:90aa18e34c5133879942272fda31677d78dd4221ce8eb06e991c487893aaaba4"
url = "https://github.com/tombi-toml/tombi/releases/download/v1.7.3/tombi-cli-1.7.3-x86_64-unknown-linux-musl.tar.gz"
url_api = "https://api.github.com/repos/tombi-toml/tombi/releases/assets/615901928"
provenance = "github-attestations"

[tools.tombi."platforms.macos-arm64"]
checksum = "sha256:ff9b64bf45e9cd0881119567f604163212788d6f1a9aba9178f656b49295e97a"
url = "https://github.com/tombi-toml/tombi/releases/download/v1.7.3/tombi-cli-1.7.3-aarch64-apple-darwin.tar.gz"
url_api = "https://api.github.com/repos/tombi-toml/tombi/releases/assets/615901880"
provenance = "github-attestations"

[tools.tombi."platforms.windows-arm64"]
checksum = "sha256:7c20cd9529bc937926a281296166b6e92be9ed11dbca3940f41b4ce5da549490"
url = "https://github.com/tombi-toml/tombi/releases/download/v1.7.3/tombi-cli-1.7.3-aarch64-pc-windows-msvc.zip"
url_api = "https://api.github.com/repos/tombi-toml/tombi/releases/assets/615901883"
provenance = "github-attestations"

[tools.tombi."platforms.windows-x64"]
checksum = "sha256:6f72039120a4b0b2821a032a1ea6c98b502d2568a650b5cdb106abd67a187478"
url = "https://github.com/tombi-toml/tombi/releases/download/v1.7.3/tombi-cli-1.7.3-x86_64-pc-windows-msvc.zip"
url_api = "https://api.github.com/repos/tombi-toml/tombi/releases/assets/615901924"
provenance = "github-attestations"

[[tools.typos]]
version = "1.51.1"
backend = "aqua:crate-ci/typos"
specifiers = ["1.51.1"]

[tools.typos."platforms.linux-arm64"]
checksum = "sha256:2ac5e37b3236b3c07dec5cdf1527acf143aec4674a6089b0bf424d021b35e099"
url = "https://github.com/crate-ci/typos/releases/download/v1.51.1/typos-v1.51.1-aarch64-unknown-linux-musl.tar.gz"
url_api = "https://api.github.com/repos/crate-ci/typos/releases/assets/616652747"

[tools.typos."platforms.linux-x64"]
checksum = "sha256:93c301fd4120ff076e2cc2a6d6a61cab4a4bdb81899287c0938b452e56d1f454"
url = "https://github.com/crate-ci/typos/releases/download/v1.51.1/typos-v1.51.1-x86_64-unknown-linux-musl.tar.gz"
url_api = "https://api.github.com/repos/crate-ci/typos/releases/assets/616653682"

[tools.typos."platforms.macos-arm64"]
checksum = "sha256:316d50a32c3726a80ab39c6d12141b70080498973c5e8a9b068b12cde78b10c1"
url = "https://github.com/crate-ci/typos/releases/download/v1.51.1/typos-v1.51.1-aarch64-apple-darwin.tar.gz"
url_api = "https://api.github.com/repos/crate-ci/typos/releases/assets/616656668"

[tools.typos."platforms.windows-arm64"]
checksum = "sha256:518f759fba43205f17a717656054c1d25bc883455a6296989e9d021c6edb7c59"
url = "https://github.com/crate-ci/typos/releases/download/v1.51.1/typos-v1.51.1-x86_64-pc-windows-msvc.zip"
url_api = "https://api.github.com/repos/crate-ci/typos/releases/assets/616657506"

[tools.typos."platforms.windows-x64"]
checksum = "sha256:518f759fba43205f17a717656054c1d25bc883455a6296989e9d021c6edb7c59"
url = "https://github.com/crate-ci/typos/releases/download/v1.51.1/typos-v1.51.1-x86_64-pc-windows-msvc.zip"
url_api = "https://api.github.com/repos/crate-ci/typos/releases/assets/616657506"
